
Microsoft Visual Studio Solution File, Format Version 12.00
# Visual Studio Version 17
VisualStudioVersion = 17.0.31903.59
MinimumVisualStudioVersion = 10.0.40219.1
Project("{2150E333-8FDC-42A3-9474-1A3956D46DE8}") = "src", "src", "{946F4D2F-6240-48F7-B0C3-062B11C9A7C5}"
EndProject
Project("{FAE04EC0-301F-11D3-BF4B-00C04F79EFBC}") = "WhisperKeyboard.Core", "src\WhisperKeyboard.Core\WhisperKeyboard.Core.csproj", "{95B81AE2-64A7-4ADF-8D68-DB4822AD4041}"
EndProject
Project("{FAE04EC0-301F-11D3-BF4B-00C04F79EFBC}") = "WhisperKeyboard.Avalonia", "src\WhisperKeyboard.Avalonia\WhisperKeyboard.Avalonia.csproj", "{8B7732E3-5E58-44A0-BF10-6377318FD7D2}"
EndProject
Global
	GlobalSection(SolutionConfigurationPlatforms) = preSolution
		Debug|Any CPU = Debug|Any CPU
		Release|Any CPU = Release|Any CPU
	EndGlobalSection
	GlobalSection(SolutionProperties) = preSolution
		HideSolutionNode = FALSE
	EndGlobalSection
	GlobalSection(ProjectConfigurationPlatforms) = postSolution
		{95B81AE2-64A7-4ADF-8D68-DB4822AD4041}.Debug|Any CPU.ActiveCfg = Debug|Any CPU
		{95B81AE2-64A7-4ADF-8D68-DB4822AD4041}.Debug|Any CPU.Build.0 = Debug|Any CPU
		{95B81AE2-64A7-4ADF-8D68-DB4822AD4041}.Release|Any CPU.ActiveCfg = Release|Any CPU
		{95B81AE2-64A7-4ADF-8D68-DB4822AD4041}.Release|Any CPU.Build.0 = Release|Any CPU
		{8B7732E3-5E58-44A0-BF10-6377318FD7D2}.Debug|Any CPU.ActiveCfg = Debug|Any CPU
		{8B7732E3-5E58-44A0-BF10-6377318FD7D2}.Debug|Any CPU.Build.0 = Debug|Any CPU
		{8B7732E3-5E58-44A0-BF10-6377318FD7D2}.Release|Any CPU.ActiveCfg = Release|Any CPU
		{8B7732E3-5E58-44A0-BF10-6377318FD7D2}.Release|Any CPU.Build.0 = Release|Any CPU
	EndGlobalSection
	GlobalSection(NestedProjects) = preSolution
		{95B81AE2-64A7-4ADF-8D68-DB4822AD4041} = {946F4D2F-6240-48F7-B0C3-062B11C9A7C5}
		{8B7732E3-5E58-44A0-BF10-6377318FD7D2} = {946F4D2F-6240-48F7-B0C3-062B11C9A7C5}
	EndGlobalSection
EndGlobal
